lockfileVersion: '9.0'

settings:
  autoInstallPeers: true
  excludeLinksFromLockfile: false

importers:

  .:
    dependencies:
      marked:
        specifier: ^13.0.0
        version: 13.0.0
      marked-footnote:
        specifier: ^1.2.4
        version: 1.2.4(marked@13.0.0)
      marked-gfm-heading-id:
        specifier: ^4.0.0
        version: 4.0.0(marked@13.0.0)
    devDependencies:
      '@types/node':
        specifier: ^20.14.8
        version: 20.14.8
      typescript:
        specifier: ^5.5.2
        version: 5.5.2

packages:

  '@types/node@20.14.8':
    resolution: {integrity: sha512-DO+2/jZinXfROG7j7WKFn/3C6nFwxy2lLpgLjEXJz+0XKphZlTLJ14mo8Vfg8X5BWN6XjyESXq+LcYdT7tR3bA==}

  github-slugger@2.0.0:
    resolution: {integrity: sha512-IaOQ9puYtjrkq7Y0Ygl9KDZnrf/aiUJYUpVf89y8kyaxbRG7Y1SrX/jaumrv81vc61+kiMempujsM3Yw7w5qcw==}

  marked-footnote@1.2.4:
    resolution: {integrity: sha512-DB2Kl+wFh6YwZd70qABMY6WUkG1UuyqoNTFoDfGyG79Pz24neYtLBkB+45a7o72V7gkfvbC3CGzIYFobxfMT1Q==}
    peerDependencies:
      marked: '>=7.0.0'

  marked-gfm-heading-id@4.0.0:
    resolution: {integrity: sha512-p53gp+nBIGeryucXzUFP8w67wtpin68+jOFBPw5m9FUfqx2ngAunO/I6KU6J3Xm3fyuv2JsSDxz0Z+pYVrHrwg==}
    peerDependencies:
      marked: '>=13 <14'

  marked@13.0.0:
    resolution: {integrity: sha512-VTeDCd9txf4KLLljUZ0nljE/Incb9SrWuueE44QVuU0pkOdh4sfCeW1Z6lPcxyDRSVY6rm8db/0OPaN75RNUmw==}
    engines: {node: '>= 18'}
    hasBin: true

  typescript@5.5.2:
    resolution: {integrity: sha512-NcRtPEOsPFFWjobJEtfihkLCZCXZt/os3zf8nTxjVH3RvTSxjrCamJpbExGvYOF+tFHc3pA65qpdwPbzjohhew==}
    engines: {node: '>=14.17'}
    hasBin: true

  undici-types@5.26.5:
    resolution: {integrity: sha512-JlCMO+ehdEIKqlFxk6IfVoAUVmgz7cU7zD/h9XZ0qzeosSHmUJVOzSQvvYSYWXkFXC+IfLKSIffhv0sVZup6pA==}

snapshots:

  '@types/node@20.14.8':
    dependencies:
      undici-types: 5.26.5

  github-slugger@2.0.0: {}

  marked-footnote@1.2.4(marked@13.0.0):
    dependencies:
      marked: 13.0.0

  marked-gfm-heading-id@4.0.0(marked@13.0.0):
    dependencies:
      github-slugger: 2.0.0
      marked: 13.0.0

  marked@13.0.0: {}

  typescript@5.5.2: {}

  undici-types@5.26.5: {}
